
Microsoft Visual Studio Solution File, Format Version 12.00
# Visual Studio Version 17
VisualStudioVersion = 17.7.34024.191
MinimumVisualStudioVersion = 10.0.40219.1
Project("{FAE04EC0-301F-11D3-BF4B-00C04F79EFBC}") = "Тумаков 7лаб", "Тумаков 7лаб\Тумаков 7лаб.csproj", "{3B781042-53F1-488D-A3A8-F94156396582}"
EndProject
Project("{FAE04EC0-301F-11D3-BF4B-00C04F79EFBC}") = "Тема_Визы", "Тема_Визы\Тема_Визы.csproj", "{CAD25FF5-63D6-4778-8D33-A629936688C6}"
EndProject
Global
	GlobalSection(SolutionConfigurationPlatforms) = preSolution
		Debug|Any CPU = Debug|Any CPU
		Release|Any CPU = Release|Any CPU
	EndGlobalSection
	GlobalSection(ProjectConfigurationPlatforms) = postSolution
		{3B781042-53F1-488D-A3A8-F94156396582}.Debug|Any CPU.ActiveCfg = Debug|Any CPU
		{3B781042-53F1-488D-A3A8-F94156396582}.Debug|Any CPU.Build.0 = Debug|Any CPU
		{3B781042-53F1-488D-A3A8-F94156396582}.Release|Any CPU.ActiveCfg = Release|Any CPU
		{3B781042-53F1-488D-A3A8-F94156396582}.Release|Any CPU.Build.0 = Release|Any CPU
		{CAD25FF5-63D6-4778-8D33-A629936688C6}.Debug|Any CPU.ActiveCfg = Debug|Any CPU
		{CAD25FF5-63D6-4778-8D33-A629936688C6}.Debug|Any CPU.Build.0 = Debug|Any CPU
		{CAD25FF5-63D6-4778-8D33-A629936688C6}.Release|Any CPU.ActiveCfg = Release|Any CPU
		{CAD25FF5-63D6-4778-8D33-A629936688C6}.Release|Any CPU.Build.0 = Release|Any CPU
	EndGlobalSection
	GlobalSection(SolutionProperties) = preSolution
		HideSolutionNode = FALSE
	EndGlobalSection
	GlobalSection(ExtensibilityGlobals) = postSolution
		SolutionGuid = {803DB340-C4ED-4CCF-9293-3EB751EF933A}
	EndGlobalSection
EndGlobal
